// !$*UTF8*$!
{
	archiveVersion = 1;
	classes = {
	};
	objectVersion = 51;
	objects = {

/* Begin PBXBuildFile section */
		8148D27026ED4495003F410B /* AppDelegate.swift in Sources */ = {isa = PBXBuildFile; fileRef = 8148D26F26ED4495003F410B /* AppDelegate.swift */; };
		8148D27226ED4495003F410B /* SceneDelegate.swift in Sources */ = {isa = PBXBuildFile; fileRef = 8148D27126ED4495003F410B /* SceneDelegate.swift */; };
		8148D27426ED4495003F410B /* ViewController.swift in Sources */ = {isa = PBXBuildFile; fileRef = 8148D27326ED4495003F410B /* ViewController.swift */; };
		8148D27726ED4495003F410B /* Main.storyboard in Resources */ = {isa = PBXBuildFile; fileRef = 8148D27526ED4495003F410B /* Main.storyboard */; };
		8148D27926ED4498003F410B /* Assets.xcassets in Resources */ = {isa = PBXBuildFile; fileRef = 8148D27826ED4498003F410B /* Assets.xcassets */; };
		8148D27C26ED4498003F410B /* LaunchScreen.storyboard in Resources */ = {isa = PBXBuildFile; fileRef = 8148D27A26ED4498003F410B /* LaunchScreen.storyboard */; };
		8148D28426ED4676003F410B /* SecondViewController.swift in Sources */ = {isa = PBXBuildFile; fileRef = 8148D28326ED4676003F410B /* SecondViewController.swift */; };
		8148D28626ED47FA003F410B /* GoogleService-Info.plist in Resources */ = {isa = PBXBuildFile; fileRef = 8148D28526ED47FA003F410B /* GoogleService-Info.plist */; };
		8148D28826ED7E15003F410B /* AddViewController.swift in Sources */ = {isa = PBXBuildFile; fileRef = 8148D28726ED7E15003F410B /* AddViewController.swift */; };
		B88034038A4EE91344164BCA /* Pods_MobileApps1PA.framework in Frameworks */ = {isa = PBXBuildFile; fileRef = 1D4A6706D7D2DF6C2534673F /* Pods_MobileApps1PA.framework */; };
/* End PBXBuildFile section */

/* Begin PBXFileReference section */
		1D4A6706D7D2DF6C2534673F /* Pods_MobileApps1PA.framework */ = {isa = PBXFileReference; explicitFileType = wrapper.framework; includeInIndex = 0; path = Pods_MobileApps1PA.framework; sourceTree = BUILT_PRODUCTS_DIR; };
		8148D26C26ED4495003F410B /* MobileApps1PA.app */ = {isa = PBXFileReference; explicitFileType = wrapper.application; includeInIndex = 0; path = MobileApps1PA.app; sourceTree = BUILT_PRODUCTS_DIR; };
		8148D26F26ED4495003F410B /* AppDelegate.swift */ = {isa = PBXFileReference; lastKnownFileType = sourcecode.swift; path = AppDelegate.swift; sourceTree = "<group>"; };
		8148D27126ED4495003F410B /* SceneDelegate.swift */ = {isa = PBXFileReference; lastKnownFileType = sourcecode.swift; path = SceneDelegate.swift; sourceTree = "<group>"; };
		8148D27326ED4495003F410B /* ViewController.swift */ = {isa = PBXFileReference; lastKnownFileType = sourcecode.swift; path = ViewController.swift; sourceTree = "<group>"; };
		8148D27626ED4495003F410B /* Base */ = {isa = PBXFileReference; lastKnownFileType = file.storyboard; name = Base; path = Base.lproj/Main.storyboard; sourceTree = "<group>"; };
		8148D27826ED4498003F410B /* Assets.xcassets */ = {isa = PBXFileReference; lastKnownFileType = folder.assetcatalog; path = Assets.xcassets; sourceTree = "<group>"; };
		8148D27B26ED4498003F410B /* Base */ = {isa = PBXFileReference; lastKnownFileType = file.storyboard; name = Base; path = Base.lproj/LaunchScreen.storyboard; sourceTree = "<group>"; };
		8148D27D26ED4498003F410B /* Info.plist */ = {isa = PBXFileReference; lastKnownFileType = text.plist.xml; path = Info.plist; sourceTree = "<group>"; };
		8148D28326ED4676003F410B /* SecondViewController.swift */ = {isa = PBXFileReference; lastKnownFileType = sourcecode.swift; path = SecondViewController.swift; sourceTree = "<group>"; };
		8148D28526ED47FA003F410B /* GoogleService-Info.plist */ = {isa = PBXFileReference; fileEncoding = 4; lastKnownFileType = text.plist.xml; path = "GoogleService-Info.plist"; sourceTree = "<group>"; };
		8148D28726ED7E15003F410B /* AddViewController.swift */ = {isa = PBXFileReference; lastKnownFileType = sourcecode.swift; path = AddViewController.swift; sourceTree = "<group>"; };
		8A0BB4D65B56DAE7E8C4456C /* Pods-MobileApps1PA.release.xcconfig */ = {isa = PBXFileReference; includeInIndex = 1; lastKnownFileType = text.xcconfig; name = "Pods-MobileApps1PA.release.xcconfig"; path = "Target Support Files/Pods-MobileApps1PA/Pods-MobileApps1PA.release.xcconfig"; sourceTree = "<group>"; };
		93329A25D2E55362F23A7629 /* Pods-MobileApps1PA.debug.xcconfig */ = {isa = PBXFileReference; includeInIndex = 1; lastKnownFileType = text.xcconfig; name = "Pods-MobileApps1PA.debug.xcconfig"; path = "Target Support Files/Pods-MobileApps1PA/Pods-MobileApps1PA.debug.xcconfig"; sourceTree = "<group>"; };
/* End PBXFileReference section */

/* Begin PBXFrameworksBuildPhase section */
		8148D26926ED4495003F410B /* Frameworks */ = {
			isa = PBXFrameworksBuildPhase;
			buildActionMask = 2147483647;
			files = (
				B88034038A4EE91344164BCA /* Pods_MobileApps1PA.framework in Frameworks */,
			);
			runOnlyForDeploymentPostprocessing = 0;
		};
/* End PBXFrameworksBuildPhase section */

/* Begin PBXGroup section */
		6717E8F6982286DE7CDDD946 /* Pods */ = {
			isa = PBXGroup;
			children = (
				93329A25D2E55362F23A7629 /* Pods-MobileApps1PA.debug.xcconfig */,
				8A0BB4D65B56DAE7E8C4456C /* Pods-MobileApps1PA.release.xcconfig */,
			);
			path = Pods;
			sourceTree = "<group>";
		};
		8148D26326ED4495003F410B = {
			isa = PBXGroup;
			children = (
				8148D26E26ED4495003F410B /* MobileApps1PA */,
				8148D26D26ED4495003F410B /* Products */,
				6717E8F6982286DE7CDDD946 /* Pods */,
				A02C0029A3CCAB0B1B0904B7 /* Frameworks */,
			);
			sourceTree = "<group>";
		};
		8148D26D26ED4495003F410B /* Products */ = {
			isa = PBXGroup;
			children = (
				8148D26C26ED4495003F410B /* MobileApps1PA.app */,
			);
			name = Products;
			sourceTree = "<group>";
		};
		8148D26E26ED4495003F410B /* MobileApps1PA */ = {
			isa = PBXGroup;
			children = (
				8148D26F26ED4495003F410B /* AppDelegate.swift */,
				8148D27126ED4495003F410B /* SceneDelegate.swift */,
				8148D27326ED4495003F410B /* ViewController.swift */,
				8148D27526ED4495003F410B /* Main.storyboard */,
				8148D28726ED7E15003F410B /* AddViewController.swift */,
				8148D28326ED4676003F410B /* SecondViewController.swift */,
				8148D27826ED4498003F410B /* Assets.xcassets */,
				8148D27A26ED4498003F410B /* LaunchScreen.storyboard */,
				8148D27D26ED4498003F410B /* Info.plist */,
				8148D28526ED47FA003F410B /* GoogleService-Info.plist */,
			);
			path = MobileApps1PA;
			sourceTree = "<group>";
		};
		A02C0029A3CCAB0B1B0904B7 /* Frameworks */ = {
			isa = PBXGroup;
			children = (
				1D4A6706D7D2DF6C2534673F /* Pods_MobileApps1PA.framework */,
			);
			name = Frameworks;
			sourceTree = "<group>";
		};
/* End PBXGroup section */

/* Begin PBXNativeTarget section */
		8148D26B26ED4495003F410B /* MobileApps1PA */ = {
			isa = PBXNativeTarget;
			buildConfigurationList = 8148D28026ED4498003F410B /* Build configuration list for PBXNativeTarget "MobileApps1PA" */;
			buildPhases = (
				D40246CE4C90F3E43BB02D98 /* [CP] Check Pods Manifest.lock */,
				8148D26826ED4495003F410B /* Sources */,
				8148D26926ED4495003F410B /* Frameworks */,
				8148D26A26ED4495003F410B /* Resources */,
				E12A0155BAFB2BBFA098A2FF /* [CP] Embed Pods Frameworks */,
			);
			buildRules = (
			);
			dependencies = (
			);
			name = MobileApps1PA;
			productName = MobileApps1PA;
			productReference = 8148D26C26ED4495003F410B /* MobileApps1PA.app */;
			productType = "com.apple.product-type.application";
		};
/* End PBXNativeTarget section */

/* Begin PBXProject section */
		8148D26426ED4495003F410B /* Project object */ = {
			isa = PBXProject;
			attributes = {
				LastSwiftUpdateCheck = 1250;
				LastUpgradeCheck = 1250;
				TargetAttributes = {
					8148D26B26ED4495003F410B = {
						CreatedOnToolsVersion = 12.5.1;
					};
				};
			};
			buildConfigurationList = 8148D26726ED4495003F410B /* Build configuration list for PBXProject "MobileApps1PA" */;
			compatibilityVersion = "Xcode 9.3";
			developmentRegion = en;
			hasScannedForEncodings = 0;
			knownRegions = (
				en,
				Base,
			);
			mainGroup = 8148D26326ED4495003F410B;
			productRefGroup = 8148D26D26ED4495003F410B /* Products */;
			projectDirPath = "";
			projectRoot = "";
			targets = (
				8148D26B26ED4495003F410B /* MobileApps1PA */,
			);
		};
/* End PBXProject section */

/* Begin PBXResourcesBuildPhase section */
		8148D26A26ED4495003F410B /* Resources */ = {
			isa = PBXResourcesBuildPhase;
			buildActionMask = 2147483647;
			files = (
				8148D27C26ED4498003F410B /* LaunchScreen.storyboard in Resources */,
				8148D28626ED47FA003F410B /* GoogleService-Info.plist in Resources */,
				8148D27926ED4498003F410B /* Assets.xcassets in Resources */,
				8148D27726ED4495003F410B /* Main.storyboard in Resources */,
			);
			runOnlyForDeploymentPostprocessing = 0;
		};
/* End PBXResourcesBuildPhase section */

/* Begin PBXShellScriptBuildPhase section */
		D40246CE4C90F3E43BB02D98 /* [CP] Check Pods Manifest.lock */ = {
			isa = PBXShellScriptBuildPhase;
			buildActionMask = 2147483647;
			files = (
			);
			inputFileListPaths = (
			);
			inputPaths = (
				"${PODS_PODFILE_DIR_PATH}/Podfile.lock",
				"${PODS_ROOT}/Manifest.lock",
			);
			name = "[CP] Check Pods Manifest.lock";
			outputFileListPaths = (
			);
			outputPaths = (
				"$(DERIVED_FILE_DIR)/Pods-MobileApps1PA-checkManifestLockResult.txt",
			);
			runOnlyForDeploymentPostprocessing = 0;
			shellPath = /bin/sh;
			shellScript = "diff \"${PODS_PODFILE_DIR_PATH}/Podfile.lock\" \"${PODS_ROOT}/Manifest.lock\" > /dev/null\nif [ $? != 0 ] ; then\n    # print error to STDERR\n    echo \"error: The sandbox is not in sync with the Podfile.lock. Run 'pod install' or update your CocoaPods installation.\" >&2\n    exit 1\nfi\n# This output is used by Xcode 'outputs' to avoid re-running this script phase.\necho \"SUCCESS\" > \"${SCRIPT_OUTPUT_FILE_0}\"\n";
			showEnvVarsInLog = 0;
		};
		E12A0155BAFB2BBFA098A2FF /* [CP] Embed Pods Frameworks */ = {
			isa = PBXShellScriptBuildPhase;
			buildActionMask = 2147483647;
			files = (
			);
			inputFileListPaths = (
				"${PODS_ROOT}/Target Support Files/Pods-MobileApps1PA/Pods-MobileApps1PA-frameworks-${CONFIGURATION}-input-files.xcfilelist",
			);
			name = "[CP] Embed Pods Frameworks";
			outputFileListPaths = (
				"${PODS_ROOT}/Target Support Files/Pods-MobileApps1PA/Pods-MobileApps1PA-frameworks-${CONFIGURATION}-output-files.xcfilelist",
			);
			runOnlyForDeploymentPostprocessing = 0;
			shellPath = /bin/sh;
			shellScript = "\"${PODS_ROOT}/Target Support Files/Pods-MobileApps1PA/Pods-MobileApps1PA-frameworks.sh\"\n";
			showEnvVarsInLog = 0;
		};
/* End PBXShellScriptBuildPhase section */

/* Begin PBXSourcesBuildPhase section */
		8148D26826ED4495003F410B /* Sources */ = {
			isa = PBXSourcesBuildPhase;
			buildActionMask = 2147483647;
			files = (
				8148D28826ED7E15003F410B /* AddViewController.swift in Sources */,
				8148D28426ED4676003F410B /* SecondViewController.swift in Sources */,
				8148D27426ED4495003F410B /* ViewController.swift in Sources */,
				8148D27026ED4495003F410B /* AppDelegate.swift in Sources */,
				8148D27226ED4495003F410B /* SceneDelegate.swift in Sources */,
			);
			runOnlyForDeploymentPostprocessing = 0;
		};
/* End PBXSourcesBuildPhase section */

/* Begin PBXVariantGroup section */
		8148D27526ED4495003F410B /* Main.storyboard */ = {
			isa = PBXVariantGroup;
			children = (
				8148D27626ED4495003F410B /* Base */,
			);
			name = Main.storyboard;
			sourceTree = "<group>";
		};
		8148D27A26ED4498003F410B /* LaunchScreen.storyboard */ = {
			isa = PBXVariantGroup;
			children = (
				8148D27B26ED4498003F410B /* Base */,
			);
			name = LaunchScreen.storyboard;
			sourceTree = "<group>";
		};
/* End PBXVariantGroup section */

/* Begin XCBuildConfiguration section */
		8148D27E26ED4498003F410B /* Debug */ = {
			isa = XCBuildConfiguration;
			buildSettings = {
				ALWAYS_SEARCH_USER_PATHS = NO;
				CLANG_ANALYZER_NONNULL = YES;
				CLANG_ANALYZER_NUMBER_OBJECT_CONVERSION = YES_AGGRESSIVE;
				CLANG_CXX_LANGUAGE_STANDARD = "gnu++14";
				CLANG_CXX_LIBRARY = "libc++";
				CLANG_ENABLE_MODULES = YES;
				CLANG_ENABLE_OBJC_ARC = YES;
				CLANG_ENABLE_OBJC_WEAK = YES;
				CLANG_WARN_BLOCK_CAPTURE_AUTORELEASING = YES;
				CLANG_WARN_BOOL_CONVERSION = YES;
				CLANG_WARN_COMMA = YES;
				CLANG_WARN_CONSTANT_CONVERSION = YES;
				CLANG_WARN_DEPRECATED_OBJC_IMPLEMENTATIONS = YES;
				CLANG_WARN_DIRECT_OBJC_ISA_USAGE = YES_ERROR;
				CLANG_WARN_DOCUMENTATION_COMMENTS = YES;
				CLANG_WARN_EMPTY_BODY = YES;
				CLANG_WARN_ENUM_CONVERSION = YES;
				CLANG_WARN_INFINITE_RECURSION = YES;
				CLANG_WARN_INT_CONVERSION = YES;
				CLANG_WARN_NON_LITERAL_NULL_CONVERSION = YES;
				CLANG_WARN_OBJC_IMPLICIT_RETAIN_SELF = YES;
				CLANG_WARN_OBJC_LITERAL_CONVERSION = YES;
				CLANG_WARN_OBJC_ROOT_CLASS = YES_ERROR;
				CLANG_WARN_QUOTED_INCLUDE_IN_FRAMEWORK_HEADER = YES;
				CLANG_WARN_RANGE_LOOP_ANALYSIS = YES;
				CLANG_WARN_STRICT_PROTOTYPES = YES;
				CLANG_WARN_SUSPICIOUS_MOVE = YES;
				CLANG_WARN_UNGUARDED_AVAILABILITY = YES_AGGRESSIVE;
				CLANG_WARN_UNREACHABLE_CODE = YES;
				CLANG_WARN__DUPLICATE_METHOD_MATCH = YES;
				COPY_PHASE_STRIP = NO;
				DEBUG_INFORMATION_FORMAT = dwarf;
				ENABLE_STRICT_OBJC_MSGSEND = YES;
				ENABLE_TESTABILITY = YES;
				GCC_C_LANGUAGE_STANDARD = gnu11;
				GCC_DYNAMIC_NO_PIC = NO;
				GCC_NO_COMMON_BLOCKS = YES;
				GCC_OPTIMIZATION_LEVEL = 0;
				GCC_PREPROCESSOR_DEFINITIONS = (
					"DEBUG=1",
					"$(inherited)",
				);
				GCC_WARN_64_TO_32_BIT_CONVERSION = YES;
				GCC_WARN_ABOUT_RETURN_TYPE = YES_ERROR;
				GCC_WARN_UNDECLARED_SELECTOR = YES;
				GCC_WARN_UNINITIALIZED_AUTOS = YES_AGGRESSIVE;
				GCC_WARN_UNUSED_FUNCTION = YES;
				GCC_WARN_UNUSED_VARIABLE = YES;
				IPHONEOS_DEPLOYMENT_TARGET = 14.5;
				MTL_ENABLE_DEBUG_INFO = INCLUDE_SOURCE;
				MTL_FAST_MATH = YES;
				ONLY_ACTIVE_ARCH = YES;
				SDKROOT = iphoneos;
				SWIFT_ACTIVE_COMPILATION_CONDITIONS = DEBUG;
				SWIFT_OPTIMIZATION_LEVEL = "-Onone";
			};
			name = Debug;
		};
		8148D27F26ED4498003F410B /* Release */ = {
			isa = XCBuildConfiguration;
			buildSettings = {
				ALWAYS_SEARCH_USER_PATHS = NO;
				CLANG_ANALYZER_NONNULL = YES;
				CLANG_ANALYZER_NUMBER_OBJECT_CONVERSION = YES_AGGRESSIVE;
				CLANG_CXX_LANGUAGE_STANDARD = "gnu++14";
				CLANG_CXX_LIBRARY = "libc++";
				CLANG_ENABLE_MODULES = YES;
				CLANG_ENABLE_OBJC_ARC = YES;
				CLANG_ENABLE_OBJC_WEAK = YES;
				CLANG_WARN_BLOCK_CAPTURE_AUTORELEASING = YES;
				CLANG_WARN_BOOL_CONVERSION = YES;
				CLANG_WARN_COMMA = YES;
				CLANG_WARN_CONSTANT_CONVERSION = YES;
				CLANG_WARN_DEPRECATED_OBJC_IMPLEMENTATIONS = YES;
				CLANG_WARN_DIRECT_OBJC_ISA_USAGE = YES_ERROR;
				CLANG_WARN_DOCUMENTATION_COMMENTS = YES;
				CLANG_WARN_EMPTY_BODY = YES;
				CLANG_WARN_ENUM_CONVERSION = YES;
				CLANG_WARN_INFINITE_RECURSION = YES;
				CLANG_WARN_INT_CONVERSION = YES;
				CLANG_WARN_NON_LITERAL_NULL_CONVERSION = YES;
				CLANG_WARN_OBJC_IMPLICIT_RETAIN_SELF = YES;
				CLANG_WARN_OBJC_LITERAL_CONVERSION = YES;
				CLANG_WARN_OBJC_ROOT_CLASS = YES_ERROR;
				CLANG_WARN_QUOTED_INCLUDE_IN_FRAMEWORK_HEADER = YES;
				CLANG_WARN_RANGE_LOOP_ANALYSIS = YES;
				CLANG_WARN_STRICT_PROTOTYPES = YES;
				CLANG_WARN_SUSPICIOUS_MOVE = YES;
				CLANG_WARN_UNGUARDED_AVAILABILITY = YES_AGGRESSIVE;
				CLANG_WARN_UNREACHABLE_CODE = YES;
				CLANG_WARN__DUPLICATE_METHOD_MATCH = YES;
				COPY_PHASE_STRIP = NO;
				DEBUG_INFORMATION_FORMAT = "dwarf-with-dsym";
				ENABLE_NS_ASSERTIONS = NO;
				ENABLE_STRICT_OBJC_MSGSEND = YES;
				GCC_C_LANGUAGE_STANDARD = gnu11;
				GCC_NO_COMMON_BLOCKS = YES;
				GCC_WARN_64_TO_32_BIT_CONVERSION = YES;
				GCC_WARN_ABOUT_RETURN_TYPE = YES_ERROR;
				GCC_WARN_UNDECLARED_SELECTOR = YES;
				GCC_WARN_UNINITIALIZED_AUTOS = YES_AGGRESSIVE;
				GCC_WARN_UNUSED_FUNCTION = YES;
				GCC_WARN_UNUSED_VARIABLE = YES;
				IPHONEOS_DEPLOYMENT_TARGET = 14.5;
				MTL_ENABLE_DEBUG_INFO = NO;
				MTL_FAST_MATH = YES;
				SDKROOT = iphoneos;
				SWIFT_COMPILATION_MODE = wholemodule;
				SWIFT_OPTIMIZATION_LEVEL = "-O";
				VALIDATE_PRODUCT = YES;
			};
			name = Release;
		};
		8148D28126ED4498003F410B /* Debug */ = {
			isa = XCBuildConfiguration;
			baseConfigurationReference = 93329A25D2E55362F23A7629 /* Pods-MobileApps1PA.debug.xcconfig */;
			buildSettings = {
				ASSETCATALOG_COMPILER_APPICON_NAME = AppIcon;
				ASSETCATALOG_COMPILER_GLOBAL_ACCENT_COLOR_NAME = AccentColor;
				CODE_SIGN_STYLE = Automatic;
				DEVELOPMENT_TEAM = QJYZBM7GK7;
				INFOPLIST_FILE = MobileApps1PA/Info.plist;
				LD_RUNPATH_SEARCH_PATHS = (
					"$(inherited)",
					"@executable_path/Frameworks",
				);
				PRODUCT_BUNDLE_IDENTIFIER = jogrinc.MobileApps1PA;
				PRODUCT_NAME = "$(TARGET_NAME)";
				SWIFT_VERSION = 5.0;
				TARGETED_DEVICE_FAMILY = "1,2";
			};
			name = Debug;
		};
		8148D28226ED4498003F410B /* Release */ = {
			isa = XCBuildConfiguration;
			baseConfigurationReference = 8A0BB4D65B56DAE7E8C4456C /* Pods-MobileApps1PA.release.xcconfig */;
			buildSettings = {
				ASSETCATALOG_COMPILER_APPICON_NAME = AppIcon;
				ASSETCATALOG_COMPILER_GLOBAL_ACCENT_COLOR_NAME = AccentColor;
				CODE_SIGN_STYLE = Automatic;
				DEVELOPMENT_TEAM = QJYZBM7GK7;
				INFOPLIST_FILE = MobileApps1PA/Info.plist;
				LD_RUNPATH_SEARCH_PATHS = (
					"$(inherited)",
					"@executable_path/Frameworks",
				);
				PRODUCT_BUNDLE_IDENTIFIER = jogrinc.MobileApps1PA;
				PRODUCT_NAME = "$(TARGET_NAME)";
				SWIFT_VERSION = 5.0;
				TARGETED_DEVICE_FAMILY = "1,2";
			};
			name = Release;
		};
/* End XCBuildConfiguration section */

/* Begin XCConfigurationList section */
		8148D26726ED4495003F410B /* Build configuration list for PBXProject "MobileApps1PA" */ = {
			isa = XCConfigurationList;
			buildConfigurations = (
				8148D27E26ED4498003F410B /* Debug */,
				8148D27F26ED4498003F410B /* Release */,
			);
			defaultConfigurationIsVisible = 0;
			defaultConfigurationName = Release;
		};
		8148D28026ED4498003F410B /* Build configuration list for PBXNativeTarget "MobileApps1PA" */ = {
			isa = XCConfigurationList;
			buildConfigurations = (
				8148D28126ED4498003F410B /* Debug */,
				8148D28226ED4498003F410B /* Release */,
			);
			defaultConfigurationIsVisible = 0;
			defaultConfigurationName = Release;
		};
/* End XCConfigurationList section */
	};
	rootObject = 8148D26426ED4495003F410B /* Project object */;
}
